
Microsoft Visual Studio Solution File, Format Version 12.00
# Visual Studio Version 17
VisualStudioVersion = 17.3.32922.545
MinimumVisualStudioVersion = 10.0.40219.1
Project("{FAE04EC0-301F-11D3-BF4B-00C04F79EFBC}") = "Lab14", "Lab14.csproj", "{51BA3594-05A5-4E41-8A14-EA2FF9C03F04}"
EndProject
Global
	GlobalSection(SolutionConfigurationPlatforms) = preSolution
		Debug|Any CPU = Debug|Any CPU
		Release|Any CPU = Release|Any CPU
	EndGlobalSection
	GlobalSection(ProjectConfigurationPlatforms) = postSolution
		{51BA3594-05A5-4E41-8A14-EA2FF9C03F04}.Debug|Any CPU.ActiveCfg = Debug|Any CPU
		{51BA3594-05A5-4E41-8A14-EA2FF9C03F04}.Debug|Any CPU.Build.0 = Debug|Any CPU
		{51BA3594-05A5-4E41-8A14-EA2FF9C03F04}.Release|Any CPU.ActiveCfg = Release|Any CPU
		{51BA3594-05A5-4E41-8A14-EA2FF9C03F04}.Release|Any CPU.Build.0 = Release|Any CPU
	EndGlobalSection
	GlobalSection(SolutionProperties) = preSolution
		HideSolutionNode = FALSE
	EndGlobalSection
	GlobalSection(ExtensibilityGlobals) = postSolution
		SolutionGuid = {EA1FAC1C-F6FD-4307-BE9A-519A5E30CA9D}
	EndGlobalSection
EndGlobal
